// !$*UTF8*$!
{
	archiveVersion = 1;
	classes = {
	};
	objectVersion = 50;
	objects = {

/* Begin PBXBuildFile section */
		DA11FC5F25902E84005E9C74 /* BadgeBackground.swift in Sources */ = {isa = PBXBuildFile; fileRef = DA11FC5E25902E84005E9C74 /* BadgeBackground.swift */; };
		DA1EAD6A259036C400C394D9 /* BadgeSymbol.swift in Sources */ = {isa = PBXBuildFile; fileRef = DA1EAD69259036C400C394D9 /* BadgeSymbol.swift */; };
		DA548C9B258FB3D300C10A77 /* LandmarksApp.swift in Sources */ = {isa = PBXBuildFile; fileRef = DA548C9A258FB3D300C10A77 /* LandmarksApp.swift */; };
		DA548C9D258FB3D300C10A77 /* ContentView.swift in Sources */ = {isa = PBXBuildFile; fileRef = DA548C9C258FB3D300C10A77 /* ContentView.swift */; };
		DA548C9F258FB3D700C10A77 /* Assets.xcassets in Resources */ = {isa = PBXBuildFile; fileRef = DA548C9E258FB3D700C10A77 /* Assets.xcassets */; };
		DA548CA2258FB3D700C10A77 /* Preview Assets.xcassets in Resources */ = {isa = PBXBuildFile; fileRef = DA548CA1258FB3D700C10A77 /* Preview Assets.xcassets */; };
		DA548CAE258FC0C800C10A77 /* CircleImage.swift in Sources */ = {isa = PBXBuildFile; fileRef = DA548CAD258FC0C800C10A77 /* CircleImage.swift */; };
		DA548CB1258FC1B200C10A77 /* MapView.swift in Sources */ = {isa = PBXBuildFile; fileRef = DA548CB0258FC1B200C10A77 /* MapView.swift */; };
		DA548CB6258FDBCC00C10A77 /* landmarkData.json in Resources */ = {isa = PBXBuildFile; fileRef = DA548CB5258FDBCC00C10A77 /* landmarkData.json */; };
		DA548CBB258FDC0400C10A77 /* Landmark.swift in Sources */ = {isa = PBXBuildFile; fileRef = DA548CBA258FDC0400C10A77 /* Landmark.swift */; };
		DA548CBE258FDCC800C10A77 /* ModelData.swift in Sources */ = {isa = PBXBuildFile; fileRef = DA548CBD258FDCC800C10A77 /* ModelData.swift */; };
		DA548CC1258FDDAA00C10A77 /* LandmarkRow.swift in Sources */ = {isa = PBXBuildFile; fileRef = DA548CC0258FDDAA00C10A77 /* LandmarkRow.swift */; };
		DA548CC4258FDF0300C10A77 /* LandmarkList.swift in Sources */ = {isa = PBXBuildFile; fileRef = DA548CC3258FDF0300C10A77 /* LandmarkList.swift */; };
		DA548CC7258FDFE300C10A77 /* LandmarkDetail.swift in Sources */ = {isa = PBXBuildFile; fileRef = DA548CC6258FDFE300C10A77 /* LandmarkDetail.swift */; };
		DA548CCA2590003500C10A77 /* FavoriteButton.swift in Sources */ = {isa = PBXBuildFile; fileRef = DA548CC92590003500C10A77 /* FavoriteButton.swift */; };
		DA5C189E25903A5C008C0526 /* RotatedBadgeSymbol.swift in Sources */ = {isa = PBXBuildFile; fileRef = DA5C189D25903A5C008C0526 /* RotatedBadgeSymbol.swift */; };
		DA5F24F325902B7900C2FDDB /* HexagonParameters.swift in Sources */ = {isa = PBXBuildFile; fileRef = DA5F24F225902B7900C2FDDB /* HexagonParameters.swift */; };
		DA63920A25903D7500613F80 /* Badge.swift in Sources */ = {isa = PBXBuildFile; fileRef = DA63920925903D7500613F80 /* Badge.swift */; };
		DA898C452590E3E100B3F889 /* hikeData.json in Resources */ = {isa = PBXBuildFile; fileRef = DA898C442590E3E100B3F889 /* hikeData.json */; };
		DA898C482590E3FC00B3F889 /* Hike.swift in Sources */ = {isa = PBXBuildFile; fileRef = DA898C472590E3FC00B3F889 /* Hike.swift */; };
		DA898C4F2590E51900B3F889 /* GraphCapsule.swift in Sources */ = {isa = PBXBuildFile; fileRef = DA898C4B2590E51900B3F889 /* GraphCapsule.swift */; };
		DA898C502590E51900B3F889 /* HikeGraph.swift in Sources */ = {isa = PBXBuildFile; fileRef = DA898C4C2590E51900B3F889 /* HikeGraph.swift */; };
		DA898C512590E51900B3F889 /* HikeDetail.swift in Sources */ = {isa = PBXBuildFile; fileRef = DA898C4D2590E51900B3F889 /* HikeDetail.swift */; };
		DA898C522590E51900B3F889 /* HikeView.swift in Sources */ = {isa = PBXBuildFile; fileRef = DA898C4E2590E51900B3F889 /* HikeView.swift */; };
		DA898C552590E52800B3F889 /* LICENSE.txt in Resources */ = {isa = PBXBuildFile; fileRef = DA898C542590E52800B3F889 /* LICENSE.txt */; };
		DA898C5A2590EEDE00B3F889 /* CategoryHome.swift in Sources */ = {isa = PBXBuildFile; fileRef = DA898C592590EEDE00B3F889 /* CategoryHome.swift */; };
		DA898C5E2590F03900B3F889 /* CategoryRow.swift in Sources */ = {isa = PBXBuildFile; fileRef = DA898C5D2590F03900B3F889 /* CategoryRow.swift */; };
		DA898C612590F19000B3F889 /* CategoryItem.swift in Sources */ = {isa = PBXBuildFile; fileRef = DA898C602590F19000B3F889 /* CategoryItem.swift */; };
		DA898C642590F51D00B3F889 /* Profile.swift in Sources */ = {isa = PBXBuildFile; fileRef = DA898C632590F51D00B3F889 /* Profile.swift */; };
		DA898C682590F69F00B3F889 /* ProfileHost.swift in Sources */ = {isa = PBXBuildFile; fileRef = DA898C672590F69F00B3F889 /* ProfileHost.swift */; };
		DA898C6B2590F73000B3F889 /* ProfileSummary.swift in Sources */ = {isa = PBXBuildFile; fileRef = DA898C6A2590F73000B3F889 /* ProfileSummary.swift */; };
		DA898C6E2590F86500B3F889 /* HikeBadge.swift in Sources */ = {isa = PBXBuildFile; fileRef = DA898C6D2590F86500B3F889 /* HikeBadge.swift */; };
		DA898C712591561F00B3F889 /* ProfileEditor.swift in Sources */ = {isa = PBXBuildFile; fileRef = DA898C702591561F00B3F889 /* ProfileEditor.swift */; };
		DA898C7525915A4200B3F889 /* PageViewController.swift in Sources */ = {isa = PBXBuildFile; fileRef = DA898C7425915A4200B3F889 /* PageViewController.swift */; };
		DA898C7925915BD800B3F889 /* FeatureCard.swift in Sources */ = {isa = PBXBuildFile; fileRef = DA898C7825915BD800B3F889 /* FeatureCard.swift */; };
		DA898C7C25915DC300B3F889 /* PageView.swift in Sources */ = {isa = PBXBuildFile; fileRef = DA898C7B25915DC300B3F889 /* PageView.swift */; };
		DA898C802591627100B3F889 /* PageControl.swift in Sources */ = {isa = PBXBuildFile; fileRef = DA898C7F2591627100B3F889 /* PageControl.swift */; };
		DA898C872592340F00B3F889 /* Assets.xcassets in Resources */ = {isa = PBXBuildFile; fileRef = DA898C862592340F00B3F889 /* Assets.xcassets */; };
		DA898C8E2592341000B3F889 /* WatchLandmarks Extension.appex in Embed App Extensions */ = {isa = PBXBuildFile; fileRef = DA898C8D2592341000B3F889 /* WatchLandmarks Extension.appex */; settings = {ATTRIBUTES = (RemoveHeadersOnCopy, ); }; };
		DA898C952592341000B3F889 /* ContentView.swift in Sources */ = {isa = PBXBuildFile; fileRef = DA898C942592341000B3F889 /* ContentView.swift */; };
		DA898C972592341000B3F889 /* NotificationController.swift in Sources */ = {isa = PBXBuildFile; fileRef = DA898C962592341000B3F889 /* NotificationController.swift */; };
		DA898C992592341000B3F889 /* NotificationView.swift in Sources */ = {isa = PBXBuildFile; fileRef = DA898C982592341000B3F889 /* NotificationView.swift */; };
		DA898C9B2592341000B3F889 /* ComplicationController.swift in Sources */ = {isa = PBXBuildFile; fileRef = DA898C9A2592341000B3F889 /* ComplicationController.swift */; };
		DA898C9D2592341000B3F889 /* Assets.xcassets in Resources */ = {isa = PBXBuildFile; fileRef = DA898C9C2592341000B3F889 /* Assets.xcassets */; };
		DA898CA02592341000B3F889 /* Preview Assets.xcassets in Resources */ = {isa = PBXBuildFile; fileRef = DA898C9F2592341000B3F889 /* Preview Assets.xcassets */; };
		DA898CA52592341000B3F889 /* WatchLandmarks.app in Embed Watch Content */ = {isa = PBXBuildFile; fileRef = DA898C842592340E00B3F889 /* WatchLandmarks.app */; settings = {ATTRIBUTES = (RemoveHeadersOnCopy, ); }; };
		DA898CB7259234E200B3F889 /* landmarkData.json in Resources */ = {isa = PBXBuildFile; fileRef = DA548CB5258FDBCC00C10A77 /* landmarkData.json */; };
		DA898CB8259234E200B3F889 /* Assets.xcassets in Resources */ = {isa = PBXBuildFile; fileRef = DA548C9E258FB3D700C10A77 /* Assets.xcassets */; };
		DA898CB9259234E200B3F889 /* ModelData.swift in Sources */ = {isa = PBXBuildFile; fileRef = DA548CBD258FDCC800C10A77 /* ModelData.swift */; };
		DA898CBA259234E200B3F889 /* MapView.swift in Sources */ = {isa = PBXBuildFile; fileRef = DA548CB0258FC1B200C10A77 /* MapView.swift */; };
		DA898CBB259234E300B3F889 /* CircleImage.swift in Sources */ = {isa = PBXBuildFile; fileRef = DA548CAD258FC0C800C10A77 /* CircleImage.swift */; };
		DA898CBC259234E300B3F889 /* LandmarkRow.swift in Sources */ = {isa = PBXBuildFile; fileRef = DA548CC0258FDDAA00C10A77 /* LandmarkRow.swift */; };
		DA898CBD259234E300B3F889 /* hikeData.json in Resources */ = {isa = PBXBuildFile; fileRef = DA898C442590E3E100B3F889 /* hikeData.json */; };
		DA898CBE259234E300B3F889 /* Hike.swift in Sources */ = {isa = PBXBuildFile; fileRef = DA898C472590E3FC00B3F889 /* Hike.swift */; };
		DA898CBF259234E300B3F889 /* Profile.swift in Sources */ = {isa = PBXBuildFile; fileRef = DA898C632590F51D00B3F889 /* Profile.swift */; };
		DA898CC0259234E300B3F889 /* LandmarksApp.swift in Sources */ = {isa = PBXBuildFile; fileRef = DA548C9A258FB3D300C10A77 /* LandmarksApp.swift */; };
		DA898CC1259234E300B3F889 /* Landmark.swift in Sources */ = {isa = PBXBuildFile; fileRef = DA548CBA258FDC0400C10A77 /* Landmark.swift */; };
		DA898CC2259234E300B3F889 /* LandmarkList.swift in Sources */ = {isa = PBXBuildFile; fileRef = DA548CC3258FDF0300C10A77 /* LandmarkList.swift */; };
		DA898CC72592359200B3F889 /* LandmarkDetail.swift in Sources */ = {isa = PBXBuildFile; fileRef = DA898CC62592359200B3F889 /* LandmarkDetail.swift */; };
/* End PBXBuildFile section */

/* Begin PBXContainerItemProxy section */
		DA898C8F2592341000B3F889 /* PBXContainerItemProxy */ = {
			isa = PBXContainerItemProxy;
			containerPortal = DA548C8F258FB3D300C10A77 /* Project object */;
			proxyType = 1;
			remoteGlobalIDString = DA898C8C2592341000B3F889;
			remoteInfo = "WatchLandmarks Extension";
		};
		DA898CA32592341000B3F889 /* PBXContainerItemProxy */ = {
			isa = PBXContainerItemProxy;
			containerPortal = DA548C8F258FB3D300C10A77 /* Project object */;
			proxyType = 1;
			remoteGlobalIDString = DA898C832592340E00B3F889;
			remoteInfo = WatchLandmarks;
		};
/* End PBXContainerItemProxy section */

/* Begin PBXCopyFilesBuildPhase section */
		DA898CA92592341000B3F889 /* Embed App Extensions */ = {
			isa = PBXCopyFilesBuildPhase;
			buildActionMask = 2147483647;
			dstPath = "";
			dstSubfolderSpec = 13;
			files = (
				DA898C8E2592341000B3F889 /* WatchLandmarks Extension.appex in Embed App Extensions */,
			);
			name = "Embed App Extensions";
			runOnlyForDeploymentPostprocessing = 0;
		};
		DA898CAD2592341000B3F889 /* Embed Watch Content */ = {
			isa = PBXCopyFilesBuildPhase;
			buildActionMask = 2147483647;
			dstPath = "$(CONTENTS_FOLDER_PATH)/Watch";
			dstSubfolderSpec = 16;
			files = (
				DA898CA52592341000B3F889 /* WatchLandmarks.app in Embed Watch Content */,
			);
			name = "Embed Watch Content";
			runOnlyForDeploymentPostprocessing = 0;
		};
/* End PBXCopyFilesBuildPhase section */

/* Begin PBXFileReference section */
		DA11FC5E25902E84005E9C74 /* BadgeBackground.swift */ = {isa = PBXFileReference; lastKnownFileType = sourcecode.swift; path = BadgeBackground.swift; sourceTree = "<group>"; };
		DA1EAD69259036C400C394D9 /* BadgeSymbol.swift */ = {isa = PBXFileReference; lastKnownFileType = sourcecode.swift; path = BadgeSymbol.swift; sourceTree = "<group>"; };
		DA548C97258FB3D300C10A77 /* Landmarks.app */ = {isa = PBXFileReference; explicitFileType = wrapper.application; includeInIndex = 0; path = Landmarks.app; sourceTree = BUILT_PRODUCTS_DIR; };
		DA548C9A258FB3D300C10A77 /* LandmarksApp.swift */ = {isa = PBXFileReference; lastKnownFileType = sourcecode.swift; path = LandmarksApp.swift; sourceTree = "<group>"; };
		DA548C9C258FB3D300C10A77 /* ContentView.swift */ = {isa = PBXFileReference; lastKnownFileType = sourcecode.swift; path = ContentView.swift; sourceTree = "<group>"; };
		DA548C9E258FB3D700C10A77 /* Assets.xcassets */ = {isa = PBXFileReference; lastKnownFileType = folder.assetcatalog; path = Assets.xcassets; sourceTree = "<group>"; };
		DA548CA1258FB3D700C10A77 /* Preview Assets.xcassets */ = {isa = PBXFileReference; lastKnownFileType = folder.assetcatalog; path = "Preview Assets.xcassets"; sourceTree = "<group>"; };
		DA548CA3258FB3D700C10A77 /* Info.plist */ = {isa = PBXFileReference; lastKnownFileType = text.plist.xml; path = Info.plist; sourceTree = "<group>"; };
		DA548CAD258FC0C800C10A77 /* CircleImage.swift */ = {isa = PBXFileReference; lastKnownFileType = sourcecode.swift; path = CircleImage.swift; sourceTree = "<group>"; };
		DA548CB0258FC1B200C10A77 /* MapView.swift */ = {isa = PBXFileReference; lastKnownFileType = sourcecode.swift; path = MapView.swift; sourceTree = "<group>"; };
		DA548CB5258FDBCC00C10A77 /* landmarkData.json */ = {isa = PBXFileReference; fileEncoding = 4; lastKnownFileType = text.json; path = landmarkData.json; sourceTree = "<group>"; };
		DA548CBA258FDC0400C10A77 /* Landmark.swift */ = {isa = PBXFileReference; lastKnownFileType = sourcecode.swift; path = Landmark.swift; sourceTree = "<group>"; };
		DA548CBD258FDCC800C10A77 /* ModelData.swift */ = {isa = PBXFileReference; lastKnownFileType = sourcecode.swift; path = ModelData.swift; sourceTree = "<group>"; };
		DA548CC0258FDDAA00C10A77 /* LandmarkRow.swift */ = {isa = PBXFileReference; lastKnownFileType = sourcecode.swift; path = LandmarkRow.swift; sourceTree = "<group>"; };
		DA548CC3258FDF0300C10A77 /* LandmarkList.swift */ = {isa = PBXFileReference; lastKnownFileType = sourcecode.swift; path = LandmarkList.swift; sourceTree = "<group>"; };
		DA548CC6258FDFE300C10A77 /* LandmarkDetail.swift */ = {isa = PBXFileReference; lastKnownFileType = sourcecode.swift; path = LandmarkDetail.swift; sourceTree = "<group>"; };
		DA548CC92590003500C10A77 /* FavoriteButton.swift */ = {isa = PBXFileReference; lastKnownFileType = sourcecode.swift; path = FavoriteButton.swift; sourceTree = "<group>"; };
		DA5C189D25903A5C008C0526 /* RotatedBadgeSymbol.swift */ = {isa = PBXFileReference; lastKnownFileType = sourcecode.swift; path = RotatedBadgeSymbol.swift; sourceTree = "<group>"; };
		DA5F24F225902B7900C2FDDB /* HexagonParameters.swift */ = {isa = PBXFileReference; lastKnownFileType = sourcecode.swift; path = HexagonParameters.swift; sourceTree = "<group>"; };
		DA63920925903D7500613F80 /* Badge.swift */ = {isa = PBXFileReference; lastKnownFileType = sourcecode.swift; path = Badge.swift; sourceTree = "<group>"; };
		DA898C442590E3E100B3F889 /* hikeData.json */ = {isa = PBXFileReference; fileEncoding = 4; lastKnownFileType = text.json; path = hikeData.json; sourceTree = "<group>"; };
		DA898C472590E3FC00B3F889 /* Hike.swift */ = {isa = PBXFileReference; lastKnownFileType = sourcecode.swift; path = Hike.swift; sourceTree = "<group>"; };
		DA898C4B2590E51900B3F889 /* GraphCapsule.swift */ = {isa = PBXFileReference; fileEncoding = 4; lastKnownFileType = sourcecode.swift; path = GraphCapsule.swift; sourceTree = "<group>"; };
		DA898C4C2590E51900B3F889 /* HikeGraph.swift */ = {isa = PBXFileReference; fileEncoding = 4; lastKnownFileType = sourcecode.swift; path = HikeGraph.swift; sourceTree = "<group>"; };
		DA898C4D2590E51900B3F889 /* HikeDetail.swift */ = {isa = PBXFileReference; fileEncoding = 4; lastKnownFileType = sourcecode.swift; path = HikeDetail.swift; sourceTree = "<group>"; };
		DA898C4E2590E51900B3F889 /* HikeView.swift */ = {isa = PBXFileReference; fileEncoding = 4; lastKnownFileType = sourcecode.swift; path = HikeView.swift; sourceTree = "<group>"; };
		DA898C542590E52800B3F889 /* LICENSE.txt */ = {isa = PBXFileReference; fileEncoding = 4; lastKnownFileType = text; path = LICENSE.txt; sourceTree = "<group>"; };
		DA898C592590EEDE00B3F889 /* CategoryHome.swift */ = {isa = PBXFileReference; lastKnownFileType = sourcecode.swift; path = CategoryHome.swift; sourceTree = "<group>"; };
		DA898C5D2590F03900B3F889 /* CategoryRow.swift */ = {isa = PBXFileReference; lastKnownFileType = sourcecode.swift; path = CategoryRow.swift; sourceTree = "<group>"; };
		DA898C602590F19000B3F889 /* CategoryItem.swift */ = {isa = PBXFileReference; lastKnownFileType = sourcecode.swift; path = CategoryItem.swift; sourceTree = "<group>"; };
		DA898C632590F51D00B3F889 /* Profile.swift */ = {isa = PBXFileReference; lastKnownFileType = sourcecode.swift; path = Profile.swift; sourceTree = "<group>"; };
		DA898C672590F69F00B3F889 /* ProfileHost.swift */ = {isa = PBXFileReference; lastKnownFileType = sourcecode.swift; path = ProfileHost.swift; sourceTree = "<group>"; };
		DA898C6A2590F73000B3F889 /* ProfileSummary.swift */ = {isa = PBXFileReference; lastKnownFileType = sourcecode.swift; path = ProfileSummary.swift; sourceTree = "<group>"; };
		DA898C6D2590F86500B3F889 /* HikeBadge.swift */ = {isa = PBXFileReference; lastKnownFileType = sourcecode.swift; path = HikeBadge.swift; sourceTree = "<group>"; };
		DA898C702591561F00B3F889 /* ProfileEditor.swift */ = {isa = PBXFileReference; lastKnownFileType = sourcecode.swift; path = ProfileEditor.swift; sourceTree = "<group>"; };
		DA898C7425915A4200B3F889 /* PageViewController.swift */ = {isa = PBXFileReference; lastKnownFileType = sourcecode.swift; path = PageViewController.swift; sourceTree = "<group>"; };
		DA898C7825915BD800B3F889 /* FeatureCard.swift */ = {isa = PBXFileReference; lastKnownFileType = sourcecode.swift; path = FeatureCard.swift; sourceTree = "<group>"; };
		DA898C7B25915DC300B3F889 /* PageView.swift */ = {isa = PBXFileReference; lastKnownFileType = sourcecode.swift; path = PageView.swift; sourceTree = "<group>"; };
		DA898C7F2591627100B3F889 /* PageControl.swift */ = {isa = PBXFileReference; lastKnownFileType = sourcecode.swift; path = PageControl.swift; sourceTree = "<group>"; };
		DA898C842592340E00B3F889 /* WatchLandmarks.app */ = {isa = PBXFileReference; explicitFileType = wrapper.application; includeInIndex = 0; path = WatchLandmarks.app; sourceTree = BUILT_PRODUCTS_DIR; };
		DA898C862592340F00B3F889 /* Assets.xcassets */ = {isa = PBXFileReference; lastKnownFileType = folder.assetcatalog; path = Assets.xcassets; sourceTree = "<group>"; };
		DA898C882592340F00B3F889 /* Info.plist */ = {isa = PBXFileReference; lastKnownFileType = text.plist.xml; path = Info.plist; sourceTree = "<group>"; };
		DA898C8D2592341000B3F889 /* WatchLandmarks Extension.appex */ = {isa = PBXFileReference; explicitFileType = "wrapper.app-extension"; includeInIndex = 0; path = "WatchLandmarks Extension.appex"; sourceTree = BUILT_PRODUCTS_DIR; };
		DA898C942592341000B3F889 /* ContentView.swift */ = {isa = PBXFileReference; lastKnownFileType = sourcecode.swift; path = ContentView.swift; sourceTree = "<group>"; };
		DA898C962592341000B3F889 /* NotificationController.swift */ = {isa = PBXFileReference; lastKnownFileType = sourcecode.swift; path = NotificationController.swift; sourceTree = "<group>"; };
		DA898C982592341000B3F889 /* NotificationView.swift */ = {isa = PBXFileReference; lastKnownFileType = sourcecode.swift; path = NotificationView.swift; sourceTree = "<group>"; };
		DA898C9A2592341000B3F889 /* ComplicationController.swift */ = {isa = PBXFileReference; lastKnownFileType = sourcecode.swift; path = ComplicationController.swift; sourceTree = "<group>"; };
		DA898C9C2592341000B3F889 /* Assets.xcassets */ = {isa = PBXFileReference; lastKnownFileType = folder.assetcatalog; path = Assets.xcassets; sourceTree = "<group>"; };
		DA898C9F2592341000B3F889 /* Preview Assets.xcassets */ = {isa = PBXFileReference; lastKnownFileType = folder.assetcatalog; path = "Preview Assets.xcassets"; sourceTree = "<group>"; };
		DA898CA12592341000B3F889 /* Info.plist */ = {isa = PBXFileReference; lastKnownFileType = text.plist.xml; path = Info.plist; sourceTree = "<group>"; };
		DA898CA22592341000B3F889 /* PushNotificationPayload.apns */ = {isa = PBXFileReference; lastKnownFileType = text; path = PushNotificationPayload.apns; sourceTree = "<group>"; };
		DA898CC62592359200B3F889 /* LandmarkDetail.swift */ = {isa = PBXFileReference; lastKnownFileType = sourcecode.swift; path = LandmarkDetail.swift; sourceTree = "<group>"; };
/* End PBXFileReference section */

/* Begin PBXFrameworksBuildPhase section */
		DA548C94258FB3D300C10A77 /* Frameworks */ = {
			isa = PBXFrameworksBuildPhase;
			buildActionMask = 2147483647;
			files = (
			);
			runOnlyForDeploymentPostprocessing = 0;
		};
		DA898C8A2592341000B3F889 /* Frameworks */ = {
			isa = PBXFrameworksBuildPhase;
			buildActionMask = 2147483647;
			files = (
			);
			runOnlyForDeploymentPostprocessing = 0;
		};
/* End PBXFrameworksBuildPhase section */

/* Begin PBXGroup section */
		DA3F649125903F70009EFB9E /* badge */ = {
			isa = PBXGroup;
			children = (
				DA5F24F225902B7900C2FDDB /* HexagonParameters.swift */,
				DA11FC5E25902E84005E9C74 /* BadgeBackground.swift */,
				DA1EAD69259036C400C394D9 /* BadgeSymbol.swift */,
				DA5C189D25903A5C008C0526 /* RotatedBadgeSymbol.swift */,
				DA63920925903D7500613F80 /* Badge.swift */,
			);
			path = badge;
			sourceTree = "<group>";
		};
		DA548C8E258FB3D300C10A77 = {
			isa = PBXGroup;
			children = (
				DA898C542590E52800B3F889 /* LICENSE.txt */,
				DA548C99258FB3D300C10A77 /* Landmarks */,
				DA898C852592340E00B3F889 /* WatchLandmarks */,
				DA898C912592341000B3F889 /* WatchLandmarks Extension */,
				DA548C98258FB3D300C10A77 /* Products */,
			);
			sourceTree = "<group>";
		};
		DA548C98258FB3D300C10A77 /* Products */ = {
			isa = PBXGroup;
			children = (
				DA548C97258FB3D300C10A77 /* Landmarks.app */,
				DA898C842592340E00B3F889 /* WatchLandmarks.app */,
				DA898C8D2592341000B3F889 /* WatchLandmarks Extension.appex */,
			);
			name = Products;
			sourceTree = "<group>";
		};
		DA548C99258FB3D300C10A77 /* Landmarks */ = {
			isa = PBXGroup;
			children = (
				DA548CB4258FDBBB00C10A77 /* source */,
				DA548CB3258FDBA400C10A77 /* resources */,
				DA548CA3258FB3D700C10A77 /* Info.plist */,
				DA548CA0258FB3D700C10A77 /* Preview Content */,
			);
			path = Landmarks;
			sourceTree = "<group>";
		};
		DA548CA0258FB3D700C10A77 /* Preview Content */ = {
			isa = PBXGroup;
			children = (
				DA548CA1258FB3D700C10A77 /* Preview Assets.xcassets */,
			);
			path = "Preview Content";
			sourceTree = "<group>";
		};
		DA548CAB258FC0A500C10A77 /* views */ = {
			isa = PBXGroup;
			children = (
				DA898C7325915A3000B3F889 /* PageView */,
				DA898C662590F57400B3F889 /* profiles */,
				DA898C582590EECB00B3F889 /* categories */,
				DA898C4A2590E51900B3F889 /* Hikes */,
				DA3F649125903F70009EFB9E /* badge */,
				DA548CCD259000E200C10A77 /* helpers */,
				DA548CCC259000DA00C10A77 /* landmarks */,
				DA548C9C258FB3D300C10A77 /* ContentView.swift */,
			);
			path = views;
			sourceTree = "<group>";
		};
		DA548CB3258FDBA400C10A77 /* resources */ = {
			isa = PBXGroup;
			children = (
				DA548CB5258FDBCC00C10A77 /* landmarkData.json */,
				DA898C442590E3E100B3F889 /* hikeData.json */,
				DA548C9E258FB3D700C10A77 /* Assets.xcassets */,
			);
			path = resources;
			sourceTree = "<group>";
		};
		DA548CB4258FDBBB00C10A77 /* source */ = {
			isa = PBXGroup;
			children = (
				DA548C9A258FB3D300C10A77 /* LandmarksApp.swift */,
				DA548CB8258FDBED00C10A77 /* model */,
				DA548CAB258FC0A500C10A77 /* views */,
			);
			path = source;
			sourceTree = "<group>";
		};
		DA548CB8258FDBED00C10A77 /* model */ = {
			isa = PBXGroup;
			children = (
				DA548CBA258FDC0400C10A77 /* Landmark.swift */,
				DA898C632590F51D00B3F889 /* Profile.swift */,
				DA548CBD258FDCC800C10A77 /* ModelData.swift */,
				DA898C472590E3FC00B3F889 /* Hike.swift */,
			);
			path = model;
			sourceTree = "<group>";
		};
		DA548CCC259000DA00C10A77 /* landmarks */ = {
			isa = PBXGroup;
			children = (
				DA548CC0258FDDAA00C10A77 /* LandmarkRow.swift */,
				DA548CC3258FDF0300C10A77 /* LandmarkList.swift */,
				DA548CC6258FDFE300C10A77 /* LandmarkDetail.swift */,
			);
			path = landmarks;
			sourceTree = "<group>";
		};
		DA548CCD259000E200C10A77 /* helpers */ = {
			isa = PBXGroup;
			children = (
				DA548CAD258FC0C800C10A77 /* CircleImage.swift */,
				DA548CB0258FC1B200C10A77 /* MapView.swift */,
				DA548CC92590003500C10A77 /* FavoriteButton.swift */,
				DA898C7825915BD800B3F889 /* FeatureCard.swift */,
			);
			path = helpers;
			sourceTree = "<group>";
		};
		DA898C4A2590E51900B3F889 /* Hikes */ = {
			isa = PBXGroup;
			children = (
				DA898C4B2590E51900B3F889 /* GraphCapsule.swift */,
				DA898C4C2590E51900B3F889 /* HikeGraph.swift */,
				DA898C4D2590E51900B3F889 /* HikeDetail.swift */,
				DA898C4E2590E51900B3F889 /* HikeView.swift */,
				DA898C6D2590F86500B3F889 /* HikeBadge.swift */,
			);
			path = Hikes;
			sourceTree = "<group>";
		};
		DA898C582590EECB00B3F889 /* categories */ = {
			isa = PBXGroup;
			children = (
				DA898C592590EEDE00B3F889 /* CategoryHome.swift */,
				DA898C5D2590F03900B3F889 /* CategoryRow.swift */,
				DA898C602590F19000B3F889 /* CategoryItem.swift */,
			);
			path = categories;
			sourceTree = "<group>";
		};
		DA898C662590F57400B3F889 /* profiles */ = {
			isa = PBXGroup;
			children = (
				DA898C672590F69F00B3F889 /* ProfileHost.swift */,
				DA898C6A2590F73000B3F889 /* ProfileSummary.swift */,
				DA898C702591561F00B3F889 /* ProfileEditor.swift */,
			);
			path = profiles;
			sourceTree = "<group>";
		};
		DA898C7325915A3000B3F889 /* PageView */ = {
			isa = PBXGroup;
			children = (
				DA898C7425915A4200B3F889 /* PageViewController.swift */,
				DA898C7B25915DC300B3F889 /* PageView.swift */,
				DA898C7F2591627100B3F889 /* PageControl.swift */,
			);
			path = PageView;
			sourceTree = "<group>";
		};
		DA898C852592340E00B3F889 /* WatchLandmarks */ = {
			isa = PBXGroup;
			children = (
				DA898C862592340F00B3F889 /* Assets.xcassets */,
				DA898C882592340F00B3F889 /* Info.plist */,
			);
			path = WatchLandmarks;
			sourceTree = "<group>";
		};
		DA898C912592341000B3F889 /* WatchLandmarks Extension */ = {
			isa = PBXGroup;
			children = (
				DA898C942592341000B3F889 /* ContentView.swift */,
				DA898C962592341000B3F889 /* NotificationController.swift */,
				DA898C982592341000B3F889 /* NotificationView.swift */,
				DA898C9A2592341000B3F889 /* ComplicationController.swift */,
				DA898C9C2592341000B3F889 /* Assets.xcassets */,
				DA898CA12592341000B3F889 /* Info.plist */,
				DA898CA22592341000B3F889 /* PushNotificationPayload.apns */,
				DA898C9E2592341000B3F889 /* Preview Content */,
				DA898CC62592359200B3F889 /* LandmarkDetail.swift */,
			);
			path = "WatchLandmarks Extension";
			sourceTree = "<group>";
		};
		DA898C9E2592341000B3F889 /* Preview Content */ = {
			isa = PBXGroup;
			children = (
				DA898C9F2592341000B3F889 /* Preview Assets.xcassets */,
			);
			path = "Preview Content";
			sourceTree = "<group>";
		};
/* End PBXGroup section */

/* Begin PBXNativeTarget section */
		DA548C96258FB3D300C10A77 /* Landmarks */ = {
			isa = PBXNativeTarget;
			buildConfigurationList = DA548CA6258FB3D700C10A77 /* Build configuration list for PBXNativeTarget "Landmarks" */;
			buildPhases = (
				DA548C93258FB3D300C10A77 /* Sources */,
				DA548C94258FB3D300C10A77 /* Frameworks */,
				DA548C95258FB3D300C10A77 /* Resources */,
				DA898CAD2592341000B3F889 /* Embed Watch Content */,
			);
			buildRules = (
			);
			dependencies = (
				DA898CA42592341000B3F889 /* PBXTargetDependency */,
			);
			name = Landmarks;
			productName = Landmarks;
			productReference = DA548C97258FB3D300C10A77 /* Landmarks.app */;
			productType = "com.apple.product-type.application";
		};
		DA898C832592340E00B3F889 /* WatchLandmarks */ = {
			isa = PBXNativeTarget;
			buildConfigurationList = DA898CAA2592341000B3F889 /* Build configuration list for PBXNativeTarget "WatchLandmarks" */;
			buildPhases = (
				DA898C822592340E00B3F889 /* Resources */,
				DA898CA92592341000B3F889 /* Embed App Extensions */,
			);
			buildRules = (
			);
			dependencies = (
				DA898C902592341000B3F889 /* PBXTargetDependency */,
			);
			name = WatchLandmarks;
			productName = WatchLandmarks;
			productReference = DA898C842592340E00B3F889 /* WatchLandmarks.app */;
			productType = "com.apple.product-type.application.watchapp2";
		};
		DA898C8C2592341000B3F889 /* WatchLandmarks Extension */ = {
			isa = PBXNativeTarget;
			buildConfigurationList = DA898CA62592341000B3F889 /* Build configuration list for PBXNativeTarget "WatchLandmarks Extension" */;
			buildPhases = (
				DA898C892592341000B3F889 /* Sources */,
				DA898C8A2592341000B3F889 /* Frameworks */,
				DA898C8B2592341000B3F889 /* Resources */,
			);
			buildRules = (
			);
			dependencies = (
			);
			name = "WatchLandmarks Extension";
			productName = "WatchLandmarks Extension";
			productReference = DA898C8D2592341000B3F889 /* WatchLandmarks Extension.appex */;
			productType = "com.apple.product-type.watchkit2-extension";
		};
/* End PBXNativeTarget section */

/* Begin PBXProject section */
		DA548C8F258FB3D300C10A77 /* Project object */ = {
			isa = PBXProject;
			attributes = {
				LastSwiftUpdateCheck = 1230;
				LastUpgradeCheck = 1230;
				TargetAttributes = {
					DA548C96258FB3D300C10A77 = {
						CreatedOnToolsVersion = 12.3;
					};
					DA898C832592340E00B3F889 = {
						CreatedOnToolsVersion = 12.3;
					};
					DA898C8C2592341000B3F889 = {
						CreatedOnToolsVersion = 12.3;
					};
				};
			};
			buildConfigurationList = DA548C92258FB3D300C10A77 /* Build configuration list for PBXProject "Landmarks" */;
			compatibilityVersion = "Xcode 9.3";
			developmentRegion = en;
			hasScannedForEncodings = 0;
			knownRegions = (
				en,
				Base,
			);
			mainGroup = DA548C8E258FB3D300C10A77;
			productRefGroup = DA548C98258FB3D300C10A77 /* Products */;
			projectDirPath = "";
			projectRoot = "";
			targets = (
				DA548C96258FB3D300C10A77 /* Landmarks */,
				DA898C832592340E00B3F889 /* WatchLandmarks */,
				DA898C8C2592341000B3F889 /* WatchLandmarks Extension */,
			);
		};
/* End PBXProject section */

/* Begin PBXResourcesBuildPhase section */
		DA548C95258FB3D300C10A77 /* Resources */ = {
			isa = PBXResourcesBuildPhase;
			buildActionMask = 2147483647;
			files = (
				DA898C452590E3E100B3F889 /* hikeData.json in Resources */,
				DA548CA2258FB3D700C10A77 /* Preview Assets.xcassets in Resources */,
				DA548C9F258FB3D700C10A77 /* Assets.xcassets in Resources */,
				DA898C552590E52800B3F889 /* LICENSE.txt in Resources */,
				DA548CB6258FDBCC00C10A77 /* landmarkData.json in Resources */,
			);
			runOnlyForDeploymentPostprocessing = 0;
		};
		DA898C822592340E00B3F889 /* Resources */ = {
			isa = PBXResourcesBuildPhase;
			buildActionMask = 2147483647;
			files = (
				DA898C872592340F00B3F889 /* Assets.xcassets in Resources */,
			);
			runOnlyForDeploymentPostprocessing = 0;
		};
		DA898C8B2592341000B3F889 /* Resources */ = {
			isa = PBXResourcesBuildPhase;
			buildActionMask = 2147483647;
			files = (
				DA898CA02592341000B3F889 /* Preview Assets.xcassets in Resources */,
				DA898C9D2592341000B3F889 /* Assets.xcassets in Resources */,
				DA898CB8259234E200B3F889 /* Assets.xcassets in Resources */,
				DA898CB7259234E200B3F889 /* landmarkData.json in Resources */,
				DA898CBD259234E300B3F889 /* hikeData.json in Resources */,
			);
			runOnlyForDeploymentPostprocessing = 0;
		};
/* End PBXResourcesBuildPhase section */

/* Begin PBXSourcesBuildPhase section */
		DA548C93258FB3D300C10A77 /* Sources */ = {
			isa = PBXSourcesBuildPhase;
			buildActionMask = 2147483647;
			files = (
				DA898C5E2590F03900B3F889 /* CategoryRow.swift in Sources */,
				DA898C642590F51D00B3F889 /* Profile.swift in Sources */,
				DA548C9D258FB3D300C10A77 /* ContentView.swift in Sources */,
				DA898C5A2590EEDE00B3F889 /* CategoryHome.swift in Sources */,
				DA898C7925915BD800B3F889 /* FeatureCard.swift in Sources */,
				DA898C502590E51900B3F889 /* HikeGraph.swift in Sources */,
				DA63920A25903D7500613F80 /* Badge.swift in Sources */,
				DA548CB1258FC1B200C10A77 /* MapView.swift in Sources */,
				DA898C4F2590E51900B3F889 /* GraphCapsule.swift in Sources */,
				DA548C9B258FB3D300C10A77 /* LandmarksApp.swift in Sources */,
				DA898C802591627100B3F889 /* PageControl.swift in Sources */,
				DA548CCA2590003500C10A77 /* FavoriteButton.swift in Sources */,
				DA898C612590F19000B3F889 /* CategoryItem.swift in Sources */,
				DA898C512590E51900B3F889 /* HikeDetail.swift in Sources */,
				DA898C6B2590F73000B3F889 /* ProfileSummary.swift in Sources */,
				DA5F24F325902B7900C2FDDB /* HexagonParameters.swift in Sources */,
				DA898C682590F69F00B3F889 /* ProfileHost.swift in Sources */,
				DA898C482590E3FC00B3F889 /* Hike.swift in Sources */,
				DA5C189E25903A5C008C0526 /* RotatedBadgeSymbol.swift in Sources */,
				DA898C7C25915DC300B3F889 /* PageView.swift in Sources */,
				DA1EAD6A259036C400C394D9 /* BadgeSymbol.swift in Sources */,
				DA898C712591561F00B3F889 /* ProfileEditor.swift in Sources */,
				DA548CC4258FDF0300C10A77 /* LandmarkList.swift in Sources */,
				DA898C522590E51900B3F889 /* HikeView.swift in Sources */,
				DA548CC7258FDFE300C10A77 /* LandmarkDetail.swift in Sources */,
				DA898C7525915A4200B3F889 /* PageViewController.swift in Sources */,
				DA11FC5F25902E84005E9C74 /* BadgeBackground.swift in Sources */,
				DA898C6E2590F86500B3F889 /* HikeBadge.swift in Sources */,
				DA548CAE258FC0C800C10A77 /* CircleImage.swift in Sources */,
				DA548CBB258FDC0400C10A77 /* Landmark.swift in Sources */,
				DA548CC1258FDDAA00C10A77 /* LandmarkRow.swift in Sources */,
				DA548CBE258FDCC800C10A77 /* ModelData.swift in Sources */,
			);
			runOnlyForDeploymentPostprocessing = 0;
		};
		DA898C892592341000B3F889 /* Sources */ = {
			isa = PBXSourcesBuildPhase;
			buildActionMask = 2147483647;
			files = (
				DA898C972592341000B3F889 /* NotificationController.swift in Sources */,
				DA898CBF259234E300B3F889 /* Profile.swift in Sources */,
				DA898CBA259234E200B3F889 /* MapView.swift in Sources */,
				DA898C952592341000B3F889 /* ContentView.swift in Sources */,
				DA898CC2259234E300B3F889 /* LandmarkList.swift in Sources */,
				DA898CC0259234E300B3F889 /* LandmarksApp.swift in Sources */,
				DA898CC72592359200B3F889 /* LandmarkDetail.swift in Sources */,
				DA898CBB259234E300B3F889 /* CircleImage.swift in Sources */,
				DA898CB9259234E200B3F889 /* ModelData.swift in Sources */,
				DA898C9B2592341000B3F889 /* ComplicationController.swift in Sources */,
				DA898CBE259234E300B3F889 /* Hike.swift in Sources */,
				DA898CBC259234E300B3F889 /* LandmarkRow.swift in Sources */,
				DA898C992592341000B3F889 /* NotificationView.swift in Sources */,
				DA898CC1259234E300B3F889 /* Landmark.swift in Sources */,
			);
			runOnlyForDeploymentPostprocessing = 0;
		};
/* End PBXSourcesBuildPhase section */

/* Begin PBXTargetDependency section */
		DA898C902592341000B3F889 /* PBXTargetDependency */ = {
			isa = PBXTargetDependency;
			target = DA898C8C2592341000B3F889 /* WatchLandmarks Extension */;
			targetProxy = DA898C8F2592341000B3F889 /* PBXContainerItemProxy */;
		};
		DA898CA42592341000B3F889 /* PBXTargetDependency */ = {
			isa = PBXTargetDependency;
			target = DA898C832592340E00B3F889 /* WatchLandmarks */;
			targetProxy = DA898CA32592341000B3F889 /* PBXContainerItemProxy */;
		};
/* End PBXTargetDependency section */

/* Begin XCBuildConfiguration section */
		DA548CA4258FB3D700C10A77 /* Debug */ = {
			isa = XCBuildConfiguration;
			buildSettings = {
				ALWAYS_SEARCH_USER_PATHS = NO;
				CLANG_ANALYZER_NONNULL = YES;
				CLANG_ANALYZER_NUMBER_OBJECT_CONVERSION = YES_AGGRESSIVE;
				CLANG_CXX_LANGUAGE_STANDARD = "gnu++14";
				CLANG_CXX_LIBRARY = "libc++";
				CLANG_ENABLE_MODULES = YES;
				CLANG_ENABLE_OBJC_ARC = YES;
				CLANG_ENABLE_OBJC_WEAK = YES;
				CLANG_WARN_BLOCK_CAPTURE_AUTORELEASING = YES;
				CLANG_WARN_BOOL_CONVERSION = YES;
				CLANG_WARN_COMMA = YES;
				CLANG_WARN_CONSTANT_CONVERSION = YES;
				CLANG_WARN_DEPRECATED_OBJC_IMPLEMENTATIONS = YES;
				CLANG_WARN_DIRECT_OBJC_ISA_USAGE = YES_ERROR;
				CLANG_WARN_DOCUMENTATION_COMMENTS = YES;
				CLANG_WARN_EMPTY_BODY = YES;
				CLANG_WARN_ENUM_CONVERSION = YES;
				CLANG_WARN_INFINITE_RECURSION = YES;
				CLANG_WARN_INT_CONVERSION = YES;
				CLANG_WARN_NON_LITERAL_NULL_CONVERSION = YES;
				CLANG_WARN_OBJC_IMPLICIT_RETAIN_SELF = YES;
				CLANG_WARN_OBJC_LITERAL_CONVERSION = YES;
				CLANG_WARN_OBJC_ROOT_CLASS = YES_ERROR;
				CLANG_WARN_QUOTED_INCLUDE_IN_FRAMEWORK_HEADER = YES;
				CLANG_WARN_RANGE_LOOP_ANALYSIS = YES;
				CLANG_WARN_STRICT_PROTOTYPES = YES;
				CLANG_WARN_SUSPICIOUS_MOVE = YES;
				CLANG_WARN_UNGUARDED_AVAILABILITY = YES_AGGRESSIVE;
				CLANG_WARN_UNREACHABLE_CODE = YES;
				CLANG_WARN__DUPLICATE_METHOD_MATCH = YES;
				COPY_PHASE_STRIP = NO;
				DEBUG_INFORMATION_FORMAT = dwarf;
				ENABLE_STRICT_OBJC_MSGSEND = YES;
				ENABLE_TESTABILITY = YES;
				GCC_C_LANGUAGE_STANDARD = gnu11;
				GCC_DYNAMIC_NO_PIC = NO;
				GCC_NO_COMMON_BLOCKS = YES;
				GCC_OPTIMIZATION_LEVEL = 0;
				GCC_PREPROCESSOR_DEFINITIONS = (
					"DEBUG=1",
					"$(inherited)",
				);
				GCC_WARN_64_TO_32_BIT_CONVERSION = YES;
				GCC_WARN_ABOUT_RETURN_TYPE = YES_ERROR;
				GCC_WARN_UNDECLARED_SELECTOR = YES;
				GCC_WARN_UNINITIALIZED_AUTOS = YES_AGGRESSIVE;
				GCC_WARN_UNUSED_FUNCTION = YES;
				GCC_WARN_UNUSED_VARIABLE = YES;
				IPHONEOS_DEPLOYMENT_TARGET = 14.3;
				MTL_ENABLE_DEBUG_INFO = INCLUDE_SOURCE;
				MTL_FAST_MATH = YES;
				ONLY_ACTIVE_ARCH = YES;
				SDKROOT = iphoneos;
				SWIFT_ACTIVE_COMPILATION_CONDITIONS = DEBUG;
				SWIFT_OPTIMIZATION_LEVEL = "-Onone";
			};
			name = Debug;
		};
		DA548CA5258FB3D700C10A77 /* Release */ = {
			isa = XCBuildConfiguration;
			buildSettings = {
				ALWAYS_SEARCH_USER_PATHS = NO;
				CLANG_ANALYZER_NONNULL = YES;
				CLANG_ANALYZER_NUMBER_OBJECT_CONVERSION = YES_AGGRESSIVE;
				CLANG_CXX_LANGUAGE_STANDARD = "gnu++14";
				CLANG_CXX_LIBRARY = "libc++";
				CLANG_ENABLE_MODULES = YES;
				CLANG_ENABLE_OBJC_ARC = YES;
				CLANG_ENABLE_OBJC_WEAK = YES;
				CLANG_WARN_BLOCK_CAPTURE_AUTORELEASING = YES;
				CLANG_WARN_BOOL_CONVERSION = YES;
				CLANG_WARN_COMMA = YES;
				CLANG_WARN_CONSTANT_CONVERSION = YES;
				CLANG_WARN_DEPRECATED_OBJC_IMPLEMENTATIONS = YES;
				CLANG_WARN_DIRECT_OBJC_ISA_USAGE = YES_ERROR;
				CLANG_WARN_DOCUMENTATION_COMMENTS = YES;
				CLANG_WARN_EMPTY_BODY = YES;
				CLANG_WARN_ENUM_CONVERSION = YES;
				CLANG_WARN_INFINITE_RECURSION = YES;
				CLANG_WARN_INT_CONVERSION = YES;
				CLANG_WARN_NON_LITERAL_NULL_CONVERSION = YES;
				CLANG_WARN_OBJC_IMPLICIT_RETAIN_SELF = YES;
				CLANG_WARN_OBJC_LITERAL_CONVERSION = YES;
				CLANG_WARN_OBJC_ROOT_CLASS = YES_ERROR;
				CLANG_WARN_QUOTED_INCLUDE_IN_FRAMEWORK_HEADER = YES;
				CLANG_WARN_RANGE_LOOP_ANALYSIS = YES;
				CLANG_WARN_STRICT_PROTOTYPES = YES;
				CLANG_WARN_SUSPICIOUS_MOVE = YES;
				CLANG_WARN_UNGUARDED_AVAILABILITY = YES_AGGRESSIVE;
				CLANG_WARN_UNREACHABLE_CODE = YES;
				CLANG_WARN__DUPLICATE_METHOD_MATCH = YES;
				COPY_PHASE_STRIP = NO;
				DEBUG_INFORMATION_FORMAT = "dwarf-with-dsym";
				ENABLE_NS_ASSERTIONS = NO;
				ENABLE_STRICT_OBJC_MSGSEND = YES;
				GCC_C_LANGUAGE_STANDARD = gnu11;
				GCC_NO_COMMON_BLOCKS = YES;
				GCC_WARN_64_TO_32_BIT_CONVERSION = YES;
				GCC_WARN_ABOUT_RETURN_TYPE = YES_ERROR;
				GCC_WARN_UNDECLARED_SELECTOR = YES;
				GCC_WARN_UNINITIALIZED_AUTOS = YES_AGGRESSIVE;
				GCC_WARN_UNUSED_FUNCTION = YES;
				GCC_WARN_UNUSED_VARIABLE = YES;
				IPHONEOS_DEPLOYMENT_TARGET = 14.3;
				MTL_ENABLE_DEBUG_INFO = NO;
				MTL_FAST_MATH = YES;
				SDKROOT = iphoneos;
				SWIFT_COMPILATION_MODE = wholemodule;
				SWIFT_OPTIMIZATION_LEVEL = "-O";
				VALIDATE_PRODUCT = YES;
			};
			name = Release;
		};
		DA548CA7258FB3D700C10A77 /* Debug */ = {
			isa = XCBuildConfiguration;
			buildSettings = {
				ASSETCATALOG_COMPILER_APPICON_NAME = AppIcon;
				ASSETCATALOG_COMPILER_GLOBAL_ACCENT_COLOR_NAME = AccentColor;
				CODE_SIGN_STYLE = Automatic;
				DEVELOPMENT_ASSET_PATHS = "\"Landmarks/Preview Content\"";
				DEVELOPMENT_TEAM = XC37WA9QLK;
				ENABLE_PREVIEWS = YES;
				INFOPLIST_FILE = Landmarks/Info.plist;
				IPHONEOS_DEPLOYMENT_TARGET = 14.0;
				LD_RUNPATH_SEARCH_PATHS = (
					"$(inherited)",
					"@executable_path/Frameworks",
				);
				PRODUCT_BUNDLE_IDENTIFIER = dev.dmp.Landmarks;
				PRODUCT_NAME = "$(TARGET_NAME)";
				SWIFT_VERSION = 5.0;
				TARGETED_DEVICE_FAMILY = "1,2";
			};
			name = Debug;
		};
		DA548CA8258FB3D700C10A77 /* Release */ = {
			isa = XCBuildConfiguration;
			buildSettings = {
				ASSETCATALOG_COMPILER_APPICON_NAME = AppIcon;
				ASSETCATALOG_COMPILER_GLOBAL_ACCENT_COLOR_NAME = AccentColor;
				CODE_SIGN_STYLE = Automatic;
				DEVELOPMENT_ASSET_PATHS = "\"Landmarks/Preview Content\"";
				DEVELOPMENT_TEAM = XC37WA9QLK;
				ENABLE_PREVIEWS = YES;
				INFOPLIST_FILE = Landmarks/Info.plist;
				IPHONEOS_DEPLOYMENT_TARGET = 14.0;
				LD_RUNPATH_SEARCH_PATHS = (
					"$(inherited)",
					"@executable_path/Frameworks",
				);
				PRODUCT_BUNDLE_IDENTIFIER = dev.dmp.Landmarks;
				PRODUCT_NAME = "$(TARGET_NAME)";
				SWIFT_VERSION = 5.0;
				TARGETED_DEVICE_FAMILY = "1,2";
			};
			name = Release;
		};
		DA898CA72592341000B3F889 /* Debug */ = {
			isa = XCBuildConfiguration;
			buildSettings = {
				ASSETCATALOG_COMPILER_COMPLICATION_NAME = Complication;
				CODE_SIGN_STYLE = Automatic;
				DEVELOPMENT_ASSET_PATHS = "\"WatchLandmarks Extension/Preview Content\"";
				DEVELOPMENT_TEAM = XC37WA9QLK;
				ENABLE_PREVIEWS = YES;
				INFOPLIST_FILE = "WatchLandmarks Extension/Info.plist";
				LD_RUNPATH_SEARCH_PATHS = (
					"$(inherited)",
					"@executable_path/Frameworks",
					"@executable_path/../../Frameworks",
				);
				PRODUCT_BUNDLE_IDENTIFIER = dev.dmp.Landmarks.watchkitapp.watchkitextension;
				PRODUCT_NAME = "${TARGET_NAME}";
				SDKROOT = watchos;
				SKIP_INSTALL = YES;
				SWIFT_VERSION = 5.0;
				TARGETED_DEVICE_FAMILY = 4;
				WATCHOS_DEPLOYMENT_TARGET = 7.2;
			};
			name = Debug;
		};
		DA898CA82592341000B3F889 /* Release */ = {
			isa = XCBuildConfiguration;
			buildSettings = {
				ASSETCATALOG_COMPILER_COMPLICATION_NAME = Complication;
				CODE_SIGN_STYLE = Automatic;
				DEVELOPMENT_ASSET_PATHS = "\"WatchLandmarks Extension/Preview Content\"";
				DEVELOPMENT_TEAM = XC37WA9QLK;
				ENABLE_PREVIEWS = YES;
				INFOPLIST_FILE = "WatchLandmarks Extension/Info.plist";
				LD_RUNPATH_SEARCH_PATHS = (
					"$(inherited)",
					"@executable_path/Frameworks",
					"@executable_path/../../Frameworks",
				);
				PRODUCT_BUNDLE_IDENTIFIER = dev.dmp.Landmarks.watchkitapp.watchkitextension;
				PRODUCT_NAME = "${TARGET_NAME}";
				SDKROOT = watchos;
				SKIP_INSTALL = YES;
				SWIFT_VERSION = 5.0;
				TARGETED_DEVICE_FAMILY = 4;
				WATCHOS_DEPLOYMENT_TARGET = 7.2;
			};
			name = Release;
		};
		DA898CAB2592341000B3F889 /* Debug */ = {
			isa = XCBuildConfiguration;
			buildSettings = {
				ALWAYS_EMBED_SWIFT_STANDARD_LIBRARIES = YES;
				ASSETCATALOG_COMPILER_APPICON_NAME = AppIcon;
				ASSETCATALOG_COMPILER_GLOBAL_ACCENT_COLOR_NAME = AccentColor;
				CODE_SIGN_STYLE = Automatic;
				DEVELOPMENT_TEAM = XC37WA9QLK;
				IBSC_MODULE = WatchLandmarks_Extension;
				INFOPLIST_FILE = WatchLandmarks/Info.plist;
				PRODUCT_BUNDLE_IDENTIFIER = dev.dmp.Landmarks.watchkitapp;
				PRODUCT_NAME = "$(TARGET_NAME)";
				SDKROOT = watchos;
				SKIP_INSTALL = YES;
				SWIFT_VERSION = 5.0;
				TARGETED_DEVICE_FAMILY = 4;
				WATCHOS_DEPLOYMENT_TARGET = 7.2;
			};
			name = Debug;
		};
		DA898CAC2592341000B3F889 /* Release */ = {
			isa = XCBuildConfiguration;
			buildSettings = {
				ALWAYS_EMBED_SWIFT_STANDARD_LIBRARIES = YES;
				ASSETCATALOG_COMPILER_APPICON_NAME = AppIcon;
				ASSETCATALOG_COMPILER_GLOBAL_ACCENT_COLOR_NAME = AccentColor;
				CODE_SIGN_STYLE = Automatic;
				DEVELOPMENT_TEAM = XC37WA9QLK;
				IBSC_MODULE = WatchLandmarks_Extension;
				INFOPLIST_FILE = WatchLandmarks/Info.plist;
				PRODUCT_BUNDLE_IDENTIFIER = dev.dmp.Landmarks.watchkitapp;
				PRODUCT_NAME = "$(TARGET_NAME)";
				SDKROOT = watchos;
				SKIP_INSTALL = YES;
				SWIFT_VERSION = 5.0;
				TARGETED_DEVICE_FAMILY = 4;
				WATCHOS_DEPLOYMENT_TARGET = 7.2;
			};
			name = Release;
		};
/* End XCBuildConfiguration section */

/* Begin XCConfigurationList section */
		DA548C92258FB3D300C10A77 /* Build configuration list for PBXProject "Landmarks" */ = {
			isa = XCConfigurationList;
			buildConfigurations = (
				DA548CA4258FB3D700C10A77 /* Debug */,
				DA548CA5258FB3D700C10A77 /* Release */,
			);
			defaultConfigurationIsVisible = 0;
			defaultConfigurationName = Release;
		};
		DA548CA6258FB3D700C10A77 /* Build configuration list for PBXNativeTarget "Landmarks" */ = {
			isa = XCConfigurationList;
			buildConfigurations = (
				DA548CA7258FB3D700C10A77 /* Debug */,
				DA548CA8258FB3D700C10A77 /* Release */,
			);
			defaultConfigurationIsVisible = 0;
			defaultConfigurationName = Release;
		};
		DA898CA62592341000B3F889 /* Build configuration list for PBXNativeTarget "WatchLandmarks Extension" */ = {
			isa = XCConfigurationList;
			buildConfigurations = (
				DA898CA72592341000B3F889 /* Debug */,
				DA898CA82592341000B3F889 /* Release */,
			);
			defaultConfigurationIsVisible = 0;
			defaultConfigurationName = Release;
		};
		DA898CAA2592341000B3F889 /* Build configuration list for PBXNativeTarget "WatchLandmarks" */ = {
			isa = XCConfigurationList;
			buildConfigurations = (
				DA898CAB2592341000B3F889 /* Debug */,
				DA898CAC2592341000B3F889 /* Release */,
			);
			defaultConfigurationIsVisible = 0;
			defaultConfigurationName = Release;
		};
/* End XCConfigurationList section */
	};
	rootObject = DA548C8F258FB3D300C10A77 /* Project object */;
}
